
Microsoft Visual Studio Solution File, Format Version 12.00
# Visual Studio Version 17
VisualStudioVersion = 17.1.32328.378
MinimumVisualStudioVersion = 10.0.40219.1
Project("{8BC9CEB8-8B4A-11D0-8D11-00A0C91BC942}") = "Client", "Client\Default\Client.vcxproj", "{FF30A6BA-4711-46E6-837F-73095CCCA5CF}"
EndProject
Project("{8BC9CEB8-8B4A-11D0-8D11-00A0C91BC942}") = "Engine", "Engine\Default\Engine.vcxproj", "{2424104E-F886-4C3F-A232-03350AA57E51}"
EndProject
Global
	GlobalSection(SolutionConfigurationPlatforms) = preSolution
		Debug|x64 = Debug|x64
		Debug|x86 = Debug|x86
		Release|x64 = Release|x64
		Release|x86 = Release|x86
	EndGlobalSection
	GlobalSection(ProjectConfigurationPlatforms) = postSolution
		{FF30A6BA-4711-46E6-837F-73095CCCA5CF}.Debug|x64.ActiveCfg = Debug|x64
		{FF30A6BA-4711-46E6-837F-73095CCCA5CF}.Debug|x64.Build.0 = Debug|x64
		{FF30A6BA-4711-46E6-837F-73095CCCA5CF}.Debug|x86.ActiveCfg = Debug|Win32
		{FF30A6BA-4711-46E6-837F-73095CCCA5CF}.Debug|x86.Build.0 = Debug|Win32
		{FF30A6BA-4711-46E6-837F-73095CCCA5CF}.Release|x64.ActiveCfg = Release|x64
		{FF30A6BA-4711-46E6-837F-73095CCCA5CF}.Release|x64.Build.0 = Release|x64
		{FF30A6BA-4711-46E6-837F-73095CCCA5CF}.Release|x86.ActiveCfg = Release|Win32
		{FF30A6BA-4711-46E6-837F-73095CCCA5CF}.Release|x86.Build.0 = Release|Win32
		{2424104E-F886-4C3F-A232-03350AA57E51}.Debug|x64.ActiveCfg = Debug|x64
		{2424104E-F886-4C3F-A232-03350AA57E51}.Debug|x64.Build.0 = Debug|x64
		{2424104E-F886-4C3F-A232-03350AA57E51}.Debug|x86.ActiveCfg = Debug|Win32
		{2424104E-F886-4C3F-A232-03350AA57E51}.Debug|x86.Build.0 = Debug|Win32
		{2424104E-F886-4C3F-A232-03350AA57E51}.Release|x64.ActiveCfg = Release|x64
		{2424104E-F886-4C3F-A232-03350AA57E51}.Release|x64.Build.0 = Release|x64
		{2424104E-F886-4C3F-A232-03350AA57E51}.Release|x86.ActiveCfg = Release|Win32
		{2424104E-F886-4C3F-A232-03350AA57E51}.Release|x86.Build.0 = Release|Win32
	EndGlobalSection
	GlobalSection(SolutionProperties) = preSolution
		HideSolutionNode = FALSE
	EndGlobalSection
	GlobalSection(ExtensibilityGlobals) = postSolution
		SolutionGuid = {2FA65D91-97D3-4636-B275-873094CBD2D0}
	EndGlobalSection
EndGlobal
