<?xml version="1.0" encoding="utf-8"?>
<Project ToolsVersion="4.0" xmlns="http://schemas.microsoft.com/developer/msbuild/2003">
  <ItemGroup>
    <Filter Include="98.Default">
      <UniqueIdentifier>{c2b35d97-f9a0-4413-8674-4cae7561a127}</UniqueIdentifier>
    </Filter>
    <Filter Include="99.Defines">
      <UniqueIdentifier>{ef256c24-d790-49a9-87ec-fb4e380df992}</UniqueIdentifier>
    </Filter>
    <Filter Include="00.MainApp">
      <UniqueIdentifier>{d302770d-24e1-46b1-9698-a25602dc7b7d}</UniqueIdentifier>
    </Filter>
    <Filter Include="01.Levels">
      <UniqueIdentifier>{dc326730-eafe-404d-9e37-88c2cb7476e6}</UniqueIdentifier>
    </Filter>
    <Filter Include="01.Levels\GamePlay">
      <UniqueIdentifier>{5006bdb0-db2b-423c-9611-090f998040bd}</UniqueIdentifier>
    </Filter>
    <Filter Include="01.Levels\Loading">
      <UniqueIdentifier>{0fb7f366-f510-434a-8b5c-ced5fd4b3612}</UniqueIdentifier>
    </Filter>
    <Filter Include="01.Levels\Logo">
      <UniqueIdentifier>{6a2e65f0-272f-4415-a7c0-9ac18c90c358}</UniqueIdentifier>
    </Filter>
    <Filter Include="02.GameObjects">
      <UniqueIdentifier>{1456491b-563a-4fb5-90b6-772801b2c082}</UniqueIdentifier>
    </Filter>
    <Filter Include="02.GameObjects\BackGround">
      <UniqueIdentifier>{77589b6a-fe42-40f9-97f0-62fa17af38e8}</UniqueIdentifier>
    </Filter>
    <Filter Include="02.GameObjects\Terrain">
      <UniqueIdentifier>{53913746-df75-44b6-8405-42728a7a816e}</UniqueIdentifier>
    </Filter>
    <Filter Include="02.GameObjects\Camera">
      <UniqueIdentifier>{5f000d1b-9258-4121-b1bc-d59cf9c4f9d3}</UniqueIdentifier>
    </Filter>
    <Filter Include="01.Levels\MapTool">
      <UniqueIdentifier>{ec5c985f-6be3-4e37-abf2-0cc900121b3b}</UniqueIdentifier>
    </Filter>
    <Filter Include="02.GameObjects\Terrain\DecoObject">
      <UniqueIdentifier>{19d34e9b-4f29-4a6b-88a1-55052b165e6c}</UniqueIdentifier>
    </Filter>
    <Filter Include="02.GameObjects\LandObject">
      <UniqueIdentifier>{24649254-23b4-4a99-b0ea-ea61de8af9e0}</UniqueIdentifier>
    </Filter>
    <Filter Include="02.GameObjects\Terrain\InteractObject">
      <UniqueIdentifier>{b31e40d9-38e7-4ffd-86b1-8abbe827c2db}</UniqueIdentifier>
    </Filter>
    <Filter Include="02.GameObjects\LandObject\Player">
      <UniqueIdentifier>{9b75dc6f-c8fb-4b74-ba58-e5e49875ba34}</UniqueIdentifier>
    </Filter>
  </ItemGroup>
  <ItemGroup>
    <ClInclude Include="Client.h">
      <Filter>98.Default</Filter>
    </ClInclude>
    <ClInclude Include="Resource.h">
      <Filter>98.Default</Filter>
    </ClInclude>
    <ClInclude Include="targetver.h">
      <Filter>98.Default</Filter>
    </ClInclude>
    <ClInclude Include="..\public\CMainApp.h">
      <Filter>00.MainApp</Filter>
    </ClInclude>
    <ClInclude Include="..\Public\Client_Defines.h">
      <Filter>99.Defines</Filter>
    </ClInclude>
    <ClInclude Include="stdafx.h">
      <Filter>98.Default</Filter>
    </ClInclude>
    <ClInclude Include="..\Public\Level_Logo.h">
      <Filter>01.Levels\Logo</Filter>
    </ClInclude>
    <ClInclude Include="..\Public\Level_Loading.h">
      <Filter>01.Levels\Loading</Filter>
    </ClInclude>
    <ClInclude Include="..\Public\Level_GamePlay.h">
      <Filter>01.Levels\GamePlay</Filter>
    </ClInclude>
    <ClInclude Include="..\Public\BackGround.h">
      <Filter>02.GameObjects\BackGround</Filter>
    </ClInclude>
    <ClInclude Include="..\Public\Camera.h">
      <Filter>02.GameObjects\Camera</Filter>
    </ClInclude>
    <ClInclude Include="..\Public\Level_MapTool.h">
      <Filter>01.Levels\MapTool</Filter>
    </ClInclude>
    <ClInclude Include="..\Public\DecoObejct.h">
      <Filter>02.GameObjects\Terrain\DecoObject</Filter>
    </ClInclude>
    <ClInclude Include="..\Public\Terrain.h">
      <Filter>02.GameObjects\Terrain</Filter>
    </ClInclude>
    <ClInclude Include="..\Public\LandObject.h">
      <Filter>02.GameObjects\LandObject</Filter>
    </ClInclude>
    <ClInclude Include="..\Public\InteractObject.h">
      <Filter>02.GameObjects\Terrain\InteractObject</Filter>
    </ClInclude>
    <ClInclude Include="..\Public\Player.h">
      <Filter>02.GameObjects\LandObject\Player</Filter>
    </ClInclude>
    <ClInclude Include="..\Public\State_PlayerIdle.h">
      <Filter>02.GameObjects\LandObject\Player</Filter>
    </ClInclude>
  </ItemGroup>
  <ItemGroup>
    <Image Include="Client.ico">
      <Filter>98.Default</Filter>
    </Image>
    <Image Include="small.ico">
      <Filter>98.Default</Filter>
    </Image>
  </ItemGroup>
  <ItemGroup>
    <ResourceCompile Include="Client.rc">
      <Filter>98.Default</Filter>
    </ResourceCompile>
  </ItemGroup>
  <ItemGroup>
    <ClCompile Include="Client.cpp">
      <Filter>98.Default</Filter>
    </ClCompile>
    <ClCompile Include="..\private\CMainApp.cpp">
      <Filter>00.MainApp</Filter>
    </ClCompile>
    <ClCompile Include="stdafx.cpp">
      <Filter>98.Default</Filter>
    </ClCompile>
    <ClCompile Include="..\Private\Level_Logo.cpp">
      <Filter>01.Levels\Logo</Filter>
    </ClCompile>
    <ClCompile Include="..\Private\Level_Loading.cpp">
      <Filter>01.Levels\Loading</Filter>
    </ClCompile>
    <ClCompile Include="..\Private\Level_GamePlay.cpp">
      <Filter>01.Levels\GamePlay</Filter>
    </ClCompile>
    <ClCompile Include="..\Private\BackGround.cpp">
      <Filter>02.GameObjects\BackGround</Filter>
    </ClCompile>
    <ClCompile Include="..\Private\Terrain.cpp">
      <Filter>02.GameObjects\Terrain</Filter>
    </ClCompile>
    <ClCompile Include="..\Private\Camera.cpp">
      <Filter>02.GameObjects\Camera</Filter>
    </ClCompile>
    <ClCompile Include="..\Private\Level_MapTool.cpp">
      <Filter>01.Levels\MapTool</Filter>
    </ClCompile>
    <ClCompile Include="..\Private\DecoObejct.cpp">
      <Filter>02.GameObjects\Terrain\DecoObject</Filter>
    </ClCompile>
    <ClCompile Include="..\Private\LandObject.cpp">
      <Filter>02.GameObjects\LandObject</Filter>
    </ClCompile>
    <ClCompile Include="..\Private\InteractObject.cpp">
      <Filter>02.GameObjects\Terrain\InteractObject</Filter>
    </ClCompile>
    <ClCompile Include="..\Private\Player.cpp">
      <Filter>02.GameObjects\LandObject\Player</Filter>
    </ClCompile>
    <ClCompile Include="..\Private\State_PlayerIdle.cpp">
      <Filter>02.GameObjects\LandObject\Player</Filter>
    </ClCompile>
  </ItemGroup>
</Project>